
Microsoft Visual Studio Solution File, Format Version 12.00
# Visual Studio Version 17
VisualStudioVersion = 17.7.34031.279
MinimumVisualStudioVersion = 10.0.40219.1
Project("{FAE04EC0-301F-11D3-BF4B-00C04F79EFBC}") = "livecharts-demo", "livecharts-demo.csproj", "{0D38BB84-C328-4F91-8495-8A773F8A856B}"
EndProject
Global
	GlobalSection(SolutionConfigurationPlatforms) = preSolution
		Debug|Any CPU = Debug|Any CPU
		Release|Any CPU = Release|Any CPU
	EndGlobalSection
	GlobalSection(ProjectConfigurationPlatforms) = postSolution
		{0D38BB84-C328-4F91-8495-8A773F8A856B}.Debug|Any CPU.ActiveCfg = Debug|Any CPU
		{0D38BB84-C328-4F91-8495-8A773F8A856B}.Debug|Any CPU.Build.0 = Debug|Any CPU
		{0D38BB84-C328-4F91-8495-8A773F8A856B}.Release|Any CPU.ActiveCfg = Release|Any CPU
		{0D38BB84-C328-4F91-8495-8A773F8A856B}.Release|Any CPU.Build.0 = Release|Any CPU
	EndGlobalSection
	GlobalSection(SolutionProperties) = preSolution
		HideSolutionNode = FALSE
	EndGlobalSection
	GlobalSection(ExtensibilityGlobals) = postSolution
		SolutionGuid = {0B2C6682-25E0-42E7-8F6B-5D4E06A5E8C0}
	EndGlobalSection
EndGlobal
